
Microsoft Visual Studio Solution File, Format Version 12.00
# Visual Studio Version 17
VisualStudioVersion = 17.13.35825.156 d17.13
MinimumVisualStudioVersion = 10.0.40219.1
Project("{FAE04EC0-301F-11D3-BF4B-00C04F79EFBC}") = "Progress.Api", "Progress-Back-End\Progress.Api.csproj", "{49C40C47-B784-4ED3-BFFE-42BA60CBFBAD}"
EndProject
Project("{FAE04EC0-301F-11D3-BF4B-00C04F79EFBC}") = "Progress.Aplication", "Progress.Aplication\Progress.Aplication.csproj", "{59BB40E3-2255-4F91-9689-AAB8959E9F7F}"
EndProject
Project("{FAE04EC0-301F-11D3-BF4B-00C04F79EFBC}") = "Progress.Communication", "Progress.Communication\Progress.Communication.csproj", "{64626886-60CA-4CDC-A289-F34C3ED97E2B}"
EndProject
Project("{FAE04EC0-301F-11D3-BF4B-00C04F79EFBC}") = "Progress.Exception", "Progress.Exception\Progress.Exception.csproj", "{31731DFE-8F1B-4201-AAAD-FF69ECF01118}"
EndProject
Project("{FAE04EC0-301F-11D3-BF4B-00C04F79EFBC}") = "Progress.Infrastructure", "Progress.Infrastructure\Progress.Infrastructure.csproj", "{12149D2C-548A-4E70-AEE0-667A80F10B9E}"
EndProject
Global
	GlobalSection(SolutionConfigurationPlatforms) = preSolution
		Debug|Any CPU = Debug|Any CPU
		Release|Any CPU = Release|Any CPU
	EndGlobalSection
	GlobalSection(ProjectConfigurationPlatforms) = postSolution
		{49C40C47-B784-4ED3-BFFE-42BA60CBFBAD}.Debug|Any CPU.ActiveCfg = Debug|Any CPU
		{49C40C47-B784-4ED3-BFFE-42BA60CBFBAD}.Debug|Any CPU.Build.0 = Debug|Any CPU
		{49C40C47-B784-4ED3-BFFE-42BA60CBFBAD}.Release|Any CPU.ActiveCfg = Release|Any CPU
		{49C40C47-B784-4ED3-BFFE-42BA60CBFBAD}.Release|Any CPU.Build.0 = Release|Any CPU
		{59BB40E3-2255-4F91-9689-AAB8959E9F7F}.Debug|Any CPU.ActiveCfg = Debug|Any CPU
		{59BB40E3-2255-4F91-9689-AAB8959E9F7F}.Debug|Any CPU.Build.0 = Debug|Any CPU
		{59BB40E3-2255-4F91-9689-AAB8959E9F7F}.Release|Any CPU.ActiveCfg = Release|Any CPU
		{59BB40E3-2255-4F91-9689-AAB8959E9F7F}.Release|Any CPU.Build.0 = Release|Any CPU
		{64626886-60CA-4CDC-A289-F34C3ED97E2B}.Debug|Any CPU.ActiveCfg = Debug|Any CPU
		{64626886-60CA-4CDC-A289-F34C3ED97E2B}.Debug|Any CPU.Build.0 = Debug|Any CPU
		{64626886-60CA-4CDC-A289-F34C3ED97E2B}.Release|Any CPU.ActiveCfg = Release|Any CPU
		{64626886-60CA-4CDC-A289-F34C3ED97E2B}.Release|Any CPU.Build.0 = Release|Any CPU
		{31731DFE-8F1B-4201-AAAD-FF69ECF01118}.Debug|Any CPU.ActiveCfg = Debug|Any CPU
		{31731DFE-8F1B-4201-AAAD-FF69ECF01118}.Debug|Any CPU.Build.0 = Debug|Any CPU
		{31731DFE-8F1B-4201-AAAD-FF69ECF01118}.Release|Any CPU.ActiveCfg = Release|Any CPU
		{31731DFE-8F1B-4201-AAAD-FF69ECF01118}.Release|Any CPU.Build.0 = Release|Any CPU
		{12149D2C-548A-4E70-AEE0-667A80F10B9E}.Debug|Any CPU.ActiveCfg = Debug|Any CPU
		{12149D2C-548A-4E70-AEE0-667A80F10B9E}.Debug|Any CPU.Build.0 = Debug|Any CPU
		{12149D2C-548A-4E70-AEE0-667A80F10B9E}.Release|Any CPU.ActiveCfg = Release|Any CPU
		{12149D2C-548A-4E70-AEE0-667A80F10B9E}.Release|Any CPU.Build.0 = Release|Any CPU
	EndGlobalSection
	GlobalSection(SolutionProperties) = preSolution
		HideSolutionNode = FALSE
	EndGlobalSection
	GlobalSection(ExtensibilityGlobals) = postSolution
		SolutionGuid = {0B093E50-22CF-4D49-AF46-3DCADE326B11}
	EndGlobalSection
EndGlobal
